
Microsoft Visual Studio Solution File, Format Version 12.00
# Visual Studio Version 17
VisualStudioVersion = 17.14.36518.9 d17.14
MinimumVisualStudioVersion = 10.0.40219.1
Project("{FAE04EC0-301F-11D3-BF4B-00C04F79EFBC}") = "AppEscola", "AppEscola.csproj", "{FAB653AB-D092-41F0-BEA1-6C40B85195E0}"
EndProject
Global
	GlobalSection(SolutionConfigurationPlatforms) = preSolution
		Debug|Any CPU = Debug|Any CPU
		Release|Any CPU = Release|Any CPU
	EndGlobalSection
	GlobalSection(ProjectConfigurationPlatforms) = postSolution
		{FAB653AB-D092-41F0-BEA1-6C40B85195E0}.Debug|Any CPU.ActiveCfg = Debug|Any CPU
		{FAB653AB-D092-41F0-BEA1-6C40B85195E0}.Debug|Any CPU.Build.0 = Debug|Any CPU
		{FAB653AB-D092-41F0-BEA1-6C40B85195E0}.Release|Any CPU.ActiveCfg = Release|Any CPU
		{FAB653AB-D092-41F0-BEA1-6C40B85195E0}.Release|Any CPU.Build.0 = Release|Any CPU
	EndGlobalSection
	GlobalSection(SolutionProperties) = preSolution
		HideSolutionNode = FALSE
	EndGlobalSection
	GlobalSection(ExtensibilityGlobals) = postSolution
		SolutionGuid = {C74CBD4D-1C2C-4D18-B368-F4B8AEC214E3}
	EndGlobalSection
EndGlobal
