
Microsoft Visual Studio Solution File, Format Version 12.00
# Visual Studio Version 17
VisualStudioVersion = 17.14.36518.9 d17.14
MinimumVisualStudioVersion = 10.0.40219.1
Project("{FAE04EC0-301F-11D3-BF4B-00C04F79EFBC}") = "04_OperadoresAritmeticos", "04_OperadoresAritmeticos.csproj", "{5A71AE4F-A596-41EE-A822-5B01D90B6458}"
EndProject
Global
	GlobalSection(SolutionConfigurationPlatforms) = preSolution
		Debug|Any CPU = Debug|Any CPU
		Release|Any CPU = Release|Any CPU
	EndGlobalSection
	GlobalSection(ProjectConfigurationPlatforms) = postSolution
		{5A71AE4F-A596-41EE-A822-5B01D90B6458}.Debug|Any CPU.ActiveCfg = Debug|Any CPU
		{5A71AE4F-A596-41EE-A822-5B01D90B6458}.Debug|Any CPU.Build.0 = Debug|Any CPU
		{5A71AE4F-A596-41EE-A822-5B01D90B6458}.Release|Any CPU.ActiveCfg = Release|Any CPU
		{5A71AE4F-A596-41EE-A822-5B01D90B6458}.Release|Any CPU.Build.0 = Release|Any CPU
	EndGlobalSection
	GlobalSection(SolutionProperties) = preSolution
		HideSolutionNode = FALSE
	EndGlobalSection
	GlobalSection(ExtensibilityGlobals) = postSolution
		SolutionGuid = {97D0F1B1-331A-4B07-AD8B-F33DFB69A05E}
	EndGlobalSection
EndGlobal
