
Microsoft Visual Studio Solution File, Format Version 12.00
# Visual Studio Version 17
VisualStudioVersion = 17.14.36518.9 d17.14
MinimumVisualStudioVersion = 10.0.40219.1
Project("{FAE04EC0-301F-11D3-BF4B-00C04F79EFBC}") = "05_Estrutura condicional if-else", "05_Estrutura condicional if-else.csproj", "{A3B72C8A-2501-463D-8A84-79B70C414ABC}"
EndProject
Global
	GlobalSection(SolutionConfigurationPlatforms) = preSolution
		Debug|Any CPU = Debug|Any CPU
		Release|Any CPU = Release|Any CPU
	EndGlobalSection
	GlobalSection(ProjectConfigurationPlatforms) = postSolution
		{A3B72C8A-2501-463D-8A84-79B70C414ABC}.Debug|Any CPU.ActiveCfg = Debug|Any CPU
		{A3B72C8A-2501-463D-8A84-79B70C414ABC}.Debug|Any CPU.Build.0 = Debug|Any CPU
		{A3B72C8A-2501-463D-8A84-79B70C414ABC}.Release|Any CPU.ActiveCfg = Release|Any CPU
		{A3B72C8A-2501-463D-8A84-79B70C414ABC}.Release|Any CPU.Build.0 = Release|Any CPU
	EndGlobalSection
	GlobalSection(SolutionProperties) = preSolution
		HideSolutionNode = FALSE
	EndGlobalSection
	GlobalSection(ExtensibilityGlobals) = postSolution
		SolutionGuid = {8460D2C2-F88C-4B0D-B482-B4C7D55CB6F0}
	EndGlobalSection
EndGlobal
